
Microsoft Visual Studio Solution File, Format Version 12.00
# Visual Studio Version 17
VisualStudioVersion = 17.2.32630.192
MinimumVisualStudioVersion = 10.0.40219.1
Project("{9A19103F-16F7-4668-BE54-9A1E7A4F7556}") = "R5T.R0003", "R5T.R0003\R5T.R0003.csproj", "{9D75808D-5756-42F9-9710-1F4F17B50C26}"
EndProject
Project("{2150E333-8FDC-42A3-9474-1A3956D46DE8}") = "_Dependencies", "_Dependencies", "{83FC3C4F-DF85-4F73-8B6C-81C68E4FA860}"
EndProject
Project("{9A19103F-16F7-4668-BE54-9A1E7A4F7556}") = "R5T.D0118.I000", "..\..\R5T.D0118\source\R5T.D0118.I000\R5T.D0118.I000.csproj", "{A1B9B29D-1B38-4230-A16B-BE2447E4D255}"
EndProject
Project("{9A19103F-16F7-4668-BE54-9A1E7A4F7556}") = "R5T.D0118", "..\..\R5T.D0118\source\R5T.D0118\R5T.D0118.csproj", "{78D239F5-816F-4E1E-8CFA-D3DC740B5BE8}"
EndProject
Project("{9A19103F-16F7-4668-BE54-9A1E7A4F7556}") = "R5T.NG0002", "..\..\R5T.NG0002\source\R5T.NG0002\R5T.NG0002.csproj", "{09B5151B-E79C-457B-9FDD-20FEA091FF65}"
EndProject
Project("{9A19103F-16F7-4668-BE54-9A1E7A4F7556}") = "R5T.T0064", "..\..\R5T.T0064\source\R5T.T0064\R5T.T0064.csproj", "{32ED7103-FB5B-4F09-A41E-F88FEAE2AC21}"
EndProject
Project("{9A19103F-16F7-4668-BE54-9A1E7A4F7556}") = "R5T.T0132", "..\..\R5T.T0132\source\R5T.T0132\R5T.T0132.csproj", "{C67B039B-A9AB-4860-BF2C-A5EC83413875}"
EndProject
Project("{9A19103F-16F7-4668-BE54-9A1E7A4F7556}") = "R5T.T0142", "..\..\R5T.T0142\source\R5T.T0142\R5T.T0142.csproj", "{D7CD2E01-98DE-421C-AF03-AFF18F03C10D}"
EndProject
Project("{9A19103F-16F7-4668-BE54-9A1E7A4F7556}") = "R5T.T0143", "..\..\R5T.T0143\source\R5T.T0143\R5T.T0143.csproj", "{A88E54DE-B969-47A4-A836-9D0E41602ECF}"
EndProject
Project("{9A19103F-16F7-4668-BE54-9A1E7A4F7556}") = "R5T.T0147.T000", "..\..\R5T.T0147\source\R5T.T0147.T000\R5T.T0147.T000.csproj", "{DABCBAD1-C77C-47A5-AFB5-A2A54FA2F6EA}"
EndProject
Project("{9A19103F-16F7-4668-BE54-9A1E7A4F7556}") = "R5T.T0147.T001", "..\..\R5T.T0147\source\R5T.T0147.T001\R5T.T0147.T001.csproj", "{353E9B0C-A5E7-4DE6-97C1-70CFB2521405}"
EndProject
Project("{9A19103F-16F7-4668-BE54-9A1E7A4F7556}") = "R5T.T0147", "..\..\R5T.T0147\source\R5T.T0147\R5T.T0147.csproj", "{635E420E-CD0F-42E7-A8B5-2C54C385251B}"
EndProject
Project("{9A19103F-16F7-4668-BE54-9A1E7A4F7556}") = "R5T.T0154", "..\..\R5T.T0154\source\R5T.T0154\R5T.T0154.csproj", "{7B936FAF-BED8-42AA-B195-CB2E59538ECB}"
EndProject
Global
	GlobalSection(SolutionConfigurationPlatforms) = preSolution
		Debug|Any CPU = Debug|Any CPU
		Release|Any CPU = Release|Any CPU
	EndGlobalSection
	GlobalSection(ProjectConfigurationPlatforms) = postSolution
		{9D75808D-5756-42F9-9710-1F4F17B50C26}.Debug|Any CPU.ActiveCfg = Debug|Any CPU
		{9D75808D-5756-42F9-9710-1F4F17B50C26}.Debug|Any CPU.Build.0 = Debug|Any CPU
		{9D75808D-5756-42F9-9710-1F4F17B50C26}.Release|Any CPU.ActiveCfg = Release|Any CPU
		{9D75808D-5756-42F9-9710-1F4F17B50C26}.Release|Any CPU.Build.0 = Release|Any CPU
		{A1B9B29D-1B38-4230-A16B-BE2447E4D255}.Debug|Any CPU.ActiveCfg = Debug|Any CPU
		{A1B9B29D-1B38-4230-A16B-BE2447E4D255}.Debug|Any CPU.Build.0 = Debug|Any CPU
		{A1B9B29D-1B38-4230-A16B-BE2447E4D255}.Release|Any CPU.ActiveCfg = Release|Any CPU
		{A1B9B29D-1B38-4230-A16B-BE2447E4D255}.Release|Any CPU.Build.0 = Release|Any CPU
		{78D239F5-816F-4E1E-8CFA-D3DC740B5BE8}.Debug|Any CPU.ActiveCfg = Debug|Any CPU
		{78D239F5-816F-4E1E-8CFA-D3DC740B5BE8}.Debug|Any CPU.Build.0 = Debug|Any CPU
		{78D239F5-816F-4E1E-8CFA-D3DC740B5BE8}.Release|Any CPU.ActiveCfg = Release|Any CPU
		{78D239F5-816F-4E1E-8CFA-D3DC740B5BE8}.Release|Any CPU.Build.0 = Release|Any CPU
		{09B5151B-E79C-457B-9FDD-20FEA091FF65}.Debug|Any CPU.ActiveCfg = Debug|Any CPU
		{09B5151B-E79C-457B-9FDD-20FEA091FF65}.Debug|Any CPU.Build.0 = Debug|Any CPU
		{09B5151B-E79C-457B-9FDD-20FEA091FF65}.Release|Any CPU.ActiveCfg = Release|Any CPU
		{09B5151B-E79C-457B-9FDD-20FEA091FF65}.Release|Any CPU.Build.0 = Release|Any CPU
		{32ED7103-FB5B-4F09-A41E-F88FEAE2AC21}.Debug|Any CPU.ActiveCfg = Debug|Any CPU
		{32ED7103-FB5B-4F09-A41E-F88FEAE2AC21}.Debug|Any CPU.Build.0 = Debug|Any CPU
		{32ED7103-FB5B-4F09-A41E-F88FEAE2AC21}.Release|Any CPU.ActiveCfg = Release|Any CPU
		{32ED7103-FB5B-4F09-A41E-F88FEAE2AC21}.Release|Any CPU.Build.0 = Release|Any CPU
		{C67B039B-A9AB-4860-BF2C-A5EC83413875}.Debug|Any CPU.ActiveCfg = Debug|Any CPU
		{C67B039B-A9AB-4860-BF2C-A5EC83413875}.Debug|Any CPU.Build.0 = Debug|Any CPU
		{C67B039B-A9AB-4860-BF2C-A5EC83413875}.Release|Any CPU.ActiveCfg = Release|Any CPU
		{C67B039B-A9AB-4860-BF2C-A5EC83413875}.Release|Any CPU.Build.0 = Release|Any CPU
		{D7CD2E01-98DE-421C-AF03-AFF18F03C10D}.Debug|Any CPU.ActiveCfg = Debug|Any CPU
		{D7CD2E01-98DE-421C-AF03-AFF18F03C10D}.Debug|Any CPU.Build.0 = Debug|Any CPU
		{D7CD2E01-98DE-421C-AF03-AFF18F03C10D}.Release|Any CPU.ActiveCfg = Release|Any CPU
		{D7CD2E01-98DE-421C-AF03-AFF18F03C10D}.Release|Any CPU.Build.0 = Release|Any CPU
		{A88E54DE-B969-47A4-A836-9D0E41602ECF}.Debug|Any CPU.ActiveCfg = Debug|Any CPU
		{A88E54DE-B969-47A4-A836-9D0E41602ECF}.Debug|Any CPU.Build.0 = Debug|Any CPU
		{A88E54DE-B969-47A4-A836-9D0E41602ECF}.Release|Any CPU.ActiveCfg = Release|Any CPU
		{A88E54DE-B969-47A4-A836-9D0E41602ECF}.Release|Any CPU.Build.0 = Release|Any CPU
		{DABCBAD1-C77C-47A5-AFB5-A2A54FA2F6EA}.Debug|Any CPU.ActiveCfg = Debug|Any CPU
		{DABCBAD1-C77C-47A5-AFB5-A2A54FA2F6EA}.Debug|Any CPU.Build.0 = Debug|Any CPU
		{DABCBAD1-C77C-47A5-AFB5-A2A54FA2F6EA}.Release|Any CPU.ActiveCfg = Release|Any CPU
		{DABCBAD1-C77C-47A5-AFB5-A2A54FA2F6EA}.Release|Any CPU.Build.0 = Release|Any CPU
		{353E9B0C-A5E7-4DE6-97C1-70CFB2521405}.Debug|Any CPU.ActiveCfg = Debug|Any CPU
		{353E9B0C-A5E7-4DE6-97C1-70CFB2521405}.Debug|Any CPU.Build.0 = Debug|Any CPU
		{353E9B0C-A5E7-4DE6-97C1-70CFB2521405}.Release|Any CPU.ActiveCfg = Release|Any CPU
		{353E9B0C-A5E7-4DE6-97C1-70CFB2521405}.Release|Any CPU.Build.0 = Release|Any CPU
		{635E420E-CD0F-42E7-A8B5-2C54C385251B}.Debug|Any CPU.ActiveCfg = Debug|Any CPU
		{635E420E-CD0F-42E7-A8B5-2C54C385251B}.Debug|Any CPU.Build.0 = Debug|Any CPU
		{635E420E-CD0F-42E7-A8B5-2C54C385251B}.Release|Any CPU.ActiveCfg = Release|Any CPU
		{635E420E-CD0F-42E7-A8B5-2C54C385251B}.Release|Any CPU.Build.0 = Release|Any CPU
		{7B936FAF-BED8-42AA-B195-CB2E59538ECB}.Debug|Any CPU.ActiveCfg = Debug|Any CPU
		{7B936FAF-BED8-42AA-B195-CB2E59538ECB}.Debug|Any CPU.Build.0 = Debug|Any CPU
		{7B936FAF-BED8-42AA-B195-CB2E59538ECB}.Release|Any CPU.ActiveCfg = Release|Any CPU
		{7B936FAF-BED8-42AA-B195-CB2E59538ECB}.Release|Any CPU.Build.0 = Release|Any CPU
	EndGlobalSection
	GlobalSection(SolutionProperties) = preSolution
		HideSolutionNode = FALSE
	EndGlobalSection
	GlobalSection(NestedProjects) = preSolution
		{A1B9B29D-1B38-4230-A16B-BE2447E4D255} = {83FC3C4F-DF85-4F73-8B6C-81C68E4FA860}
		{78D239F5-816F-4E1E-8CFA-D3DC740B5BE8} = {83FC3C4F-DF85-4F73-8B6C-81C68E4FA860}
		{09B5151B-E79C-457B-9FDD-20FEA091FF65} = {83FC3C4F-DF85-4F73-8B6C-81C68E4FA860}
		{32ED7103-FB5B-4F09-A41E-F88FEAE2AC21} = {83FC3C4F-DF85-4F73-8B6C-81C68E4FA860}
		{C67B039B-A9AB-4860-BF2C-A5EC83413875} = {83FC3C4F-DF85-4F73-8B6C-81C68E4FA860}
		{D7CD2E01-98DE-421C-AF03-AFF18F03C10D} = {83FC3C4F-DF85-4F73-8B6C-81C68E4FA860}
		{A88E54DE-B969-47A4-A836-9D0E41602ECF} = {83FC3C4F-DF85-4F73-8B6C-81C68E4FA860}
		{DABCBAD1-C77C-47A5-AFB5-A2A54FA2F6EA} = {83FC3C4F-DF85-4F73-8B6C-81C68E4FA860}
		{353E9B0C-A5E7-4DE6-97C1-70CFB2521405} = {83FC3C4F-DF85-4F73-8B6C-81C68E4FA860}
		{635E420E-CD0F-42E7-A8B5-2C54C385251B} = {83FC3C4F-DF85-4F73-8B6C-81C68E4FA860}
		{7B936FAF-BED8-42AA-B195-CB2E59538ECB} = {83FC3C4F-DF85-4F73-8B6C-81C68E4FA860}
	EndGlobalSection
	GlobalSection(ExtensibilityGlobals) = postSolution
		SolutionGuid = {AD6F5D3D-BCD3-4D63-AA12-4990F62AB6C9}
	EndGlobalSection
EndGlobal
